{
    "name": ".github",
    "version": "0.0.1",
    "lockfileVersion": 3,
    "requires": true,
    "packages": {
        "": {
            "name": ".github",
            "version": "0.0.1",
            "devDependencies": {
                "@datapos/datapos-development": "^0.3.253",
                "prettier": "^3.7.4"
            }
        },
        "node_modules/@datapos/datapos-development": {
            "version": "0.3.254",
            "resolved": "https://registry.npmjs.org/@datapos/datapos-development/-/datapos-development-0.3.254.tgz",
            "integrity": "sha512-WwRT1VVkyEiKgtjdW0S/A8OOhFEZY0qotrEA2xDrmFNPoX3xxOM0pOudW6TalgFjBENDMQrtRwV7mHNXy7dJkw==",
            "dev": true,
            "license": "MIT",
            "dependencies": {
                "@datapos/datapos-shared": "^0.3.255",
                "acorn": "^8.15.0",
                "acorn-typescript": "^1.4.13",
                "acorn-walk": "^8.3.4",
                "dotenv": "^17.2.3",
                "zod": "^4.1.13"
            },
            "engines": {
                "node": ">=22.0.0",
                "npm": ">=11.0.0"
            }
        },
        "node_modules/@datapos/datapos-shared": {
            "version": "0.3.255",
            "resolved": "https://registry.npmjs.org/@datapos/datapos-shared/-/datapos-shared-0.3.255.tgz",
            "integrity": "sha512-ASGKjiwjinWU5dn+tA+bYBMibaahzFJ5RL2gHrIT1SUWwhRi2Qb1cZZFlNvBAB6gsv+gFPIQou/X2z8aYKkQTQ==",
            "dev": true,
            "license": "MIT",
            "engines": {
                "node": ">=22.0.0",
                "npm": ">=11.0.0"
            },
            "peerDependencies": {
                "csv-parse": "^6.1.0",
                "date-fns": "^4.1.0",
                "nanoid": "^5.1.6",
                "zod": "^4.1.12"
            }
        },
        "node_modules/acorn": {
            "version": "8.15.0",
            "resolved": "https://registry.npmjs.org/acorn/-/acorn-8.15.0.tgz",
            "integrity": "sha512-NZyJarBfL7nWwIq+FDL6Zp/yHEhePMNnnJ0y3qfieCrmNvYct8uvtiV41UvlSe6apAfk0fY1FbWx+NwfmpvtTg==",
            "dev": true,
            "license": "MIT",
            "peer": true,
            "bin": {
                "acorn": "bin/acorn"
            },
            "engines": {
                "node": ">=0.4.0"
            }
        },
        "node_modules/acorn-typescript": {
            "version": "1.4.13",
            "resolved": "https://registry.npmjs.org/acorn-typescript/-/acorn-typescript-1.4.13.tgz",
            "integrity": "sha512-xsc9Xv0xlVfwp2o7sQ+GCQ1PgbkdcpWdTzrwXxO3xDMTAywVS3oXVOcOHuRjAPkS4P9b+yc/qNF15460v+jp4Q==",
            "dev": true,
            "license": "MIT",
            "peerDependencies": {
                "acorn": ">=8.9.0"
            }
        },
        "node_modules/acorn-walk": {
            "version": "8.3.4",
            "resolved": "https://registry.npmjs.org/acorn-walk/-/acorn-walk-8.3.4.tgz",
            "integrity": "sha512-ueEepnujpqee2o5aIYnvHU6C0A42MNdsIDeqy5BydrkuC5R1ZuUFnm27EeFJGoEHJQgn3uleRvmTXaJgfXbt4g==",
            "dev": true,
            "license": "MIT",
            "dependencies": {
                "acorn": "^8.11.0"
            },
            "engines": {
                "node": ">=0.4.0"
            }
        },
        "node_modules/csv-parse": {
            "version": "6.1.0",
            "resolved": "https://registry.npmjs.org/csv-parse/-/csv-parse-6.1.0.tgz",
            "integrity": "sha512-CEE+jwpgLn+MmtCpVcPtiCZpVtB6Z2OKPTr34pycYYoL7sxdOkXDdQ4lRiw6ioC0q6BLqhc6cKweCVvral8yhw==",
            "dev": true,
            "license": "MIT",
            "peer": true
        },
        "node_modules/date-fns": {
            "version": "4.1.0",
            "resolved": "https://registry.npmjs.org/date-fns/-/date-fns-4.1.0.tgz",
            "integrity": "sha512-Ukq0owbQXxa/U3EGtsdVBkR1w7KOQ5gIBqdH2hkvknzZPYvBxb/aa6E8L7tmjFtkwZBu3UXBbjIgPo/Ez4xaNg==",
            "dev": true,
            "license": "MIT",
            "peer": true,
            "funding": {
                "type": "github",
                "url": "https://github.com/sponsors/kossnocorp"
            }
        },
        "node_modules/dotenv": {
            "version": "17.2.3",
            "resolved": "https://registry.npmjs.org/dotenv/-/dotenv-17.2.3.tgz",
            "integrity": "sha512-JVUnt+DUIzu87TABbhPmNfVdBDt18BLOWjMUFJMSi/Qqg7NTYtabbvSNJGOJ7afbRuv9D/lngizHtP7QyLQ+9w==",
            "dev": true,
            "license": "BSD-2-Clause",
            "engines": {
                "node": ">=12"
            },
            "funding": {
                "url": "https://dotenvx.com"
            }
        },
        "node_modules/nanoid": {
            "version": "5.1.6",
            "resolved": "https://registry.npmjs.org/nanoid/-/nanoid-5.1.6.tgz",
            "integrity": "sha512-c7+7RQ+dMB5dPwwCp4ee1/iV/q2P6aK1mTZcfr1BTuVlyW9hJYiMPybJCcnBlQtuSmTIWNeazm/zqNoZSSElBg==",
            "dev": true,
            "funding": [
                {
                    "type": "github",
                    "url": "https://github.com/sponsors/ai"
                }
            ],
            "license": "MIT",
            "peer": true,
            "bin": {
                "nanoid": "bin/nanoid.js"
            },
            "engines": {
                "node": "^18 || >=20"
            }
        },
        "node_modules/prettier": {
            "version": "3.7.4",
            "resolved": "https://registry.npmjs.org/prettier/-/prettier-3.7.4.tgz",
            "integrity": "sha512-v6UNi1+3hSlVvv8fSaoUbggEM5VErKmmpGA7Pl3HF8V6uKY7rvClBOJlH6yNwQtfTueNkGVpOv/mtWL9L4bgRA==",
            "dev": true,
            "license": "MIT",
            "bin": {
                "prettier": "bin/prettier.cjs"
            },
            "engines": {
                "node": ">=14"
            },
            "funding": {
                "url": "https://github.com/prettier/prettier?sponsor=1"
            }
        },
        "node_modules/zod": {
            "version": "4.1.13",
            "resolved": "https://registry.npmjs.org/zod/-/zod-4.1.13.tgz",
            "integrity": "sha512-AvvthqfqrAhNH9dnfmrfKzX5upOdjUVJYFqNSlkmGf64gRaTzlPwz99IHYnVs28qYAybvAlBV+H7pn0saFY4Ig==",
            "dev": true,
            "license": "MIT",
            "peer": true,
            "funding": {
                "url": "https://github.com/sponsors/colinhacks"
            }
        }
    }
}
